// !$*UTF8*$!
{
	archiveVersion = 1;
	classes = {
	};
	objectVersion = 48;
	objects = {

/* Begin PBXBuildFile section */
		A72447C7200C9E6900D4A58F /* main.c in Sources */ = {isa = PBXBuildFile; fileRef = A72447A2200C99BE00D4A58F /* main.c */; };
		A72447CD200CA1B400D4A58F /* vecteur.c in Sources */ = {isa = PBXBuildFile; fileRef = A72447CB200CA1B400D4A58F /* vecteur.c */; };
		A72447D0200CA1C100D4A58F /* balle.c in Sources */ = {isa = PBXBuildFile; fileRef = A72447CE200CA1C100D4A58F /* balle.c */; };
/* End PBXBuildFile section */

/* Begin PBXCopyFilesBuildPhase section */
		A741B928200C96AD0018E0AE /* CopyFiles */ = {
			isa = PBXCopyFilesBuildPhase;
			buildActionMask = 2147483647;
			dstPath = /usr/share/man/man1/;
			dstSubfolderSpec = 0;
			files = (
			);
			runOnlyForDeploymentPostprocessing = 1;
		};
/* End PBXCopyFilesBuildPhase section */

/* Begin PBXFileReference section */
		A724479C200C97E100D4A58F /* TP Fin de semestre */ = {isa = PBXFileReference; explicitFileType = "compiled.mach-o.executable"; includeInIndex = 0; name = "TP Fin de semestre"; path = "/Users/valentin/Desktop/TP Fin de semestre/build/Debug/TP Fin de semestre"; sourceTree = "<absolute>"; };
		A72447A2200C99BE00D4A58F /* main.c */ = {isa = PBXFileReference; lastKnownFileType = sourcecode.c.c; path = main.c; sourceTree = "<group>"; };
		A72447A6200C99DF00D4A58F /* balle.bmp */ = {isa = PBXFileReference; lastKnownFileType = image.bmp; path = balle.bmp; sourceTree = "<group>"; };
		A72447A7200C99E300D4A58F /* fpstimer.c */ = {isa = PBXFileReference; fileEncoding = 4; lastKnownFileType = sourcecode.c.c; path = fpstimer.c; sourceTree = "<group>"; };
		A72447A9200C99F100D4A58F /* sdl_stuff.h */ = {isa = PBXFileReference; lastKnownFileType = sourcecode.c.h; path = sdl_stuff.h; sourceTree = "<group>"; };
		A72447AA200C99F100D4A58F /* main.c */ = {isa = PBXFileReference; lastKnownFileType = sourcecode.c.c; path = main.c; sourceTree = "<group>"; };
		A72447AB200C99F100D4A58F /* fpstimer.h */ = {isa = PBXFileReference; lastKnownFileType = sourcecode.c.h; path = fpstimer.h; sourceTree = "<group>"; };
		A72447AC200C99F100D4A58F /* sdl_stuff.c */ = {isa = PBXFileReference; lastKnownFileType = sourcecode.c.c; path = sdl_stuff.c; sourceTree = "<group>"; };
		A72447B0200C9A1600D4A58F /* decl.h */ = {isa = PBXFileReference; fileEncoding = 4; lastKnownFileType = sourcecode.c.h; path = decl.h; sourceTree = "<group>"; };
		A72447B1200C9A1600D4A58F /* sdl_stuff.h */ = {isa = PBXFileReference; fileEncoding = 4; lastKnownFileType = sourcecode.c.h; path = sdl_stuff.h; sourceTree = "<group>"; };
		A72447B2200C9A1600D4A58F /* jupiter.bmp */ = {isa = PBXFileReference; lastKnownFileType = image.bmp; path = jupiter.bmp; sourceTree = "<group>"; };
		A72447B3200C9A1600D4A58F /* main.c */ = {isa = PBXFileReference; fileEncoding = 4; lastKnownFileType = sourcecode.c.c; path = main.c; sourceTree = "<group>"; };
		A72447B4200C9A1600D4A58F /* sdl_stuff.c */ = {isa = PBXFileReference; fileEncoding = 4; lastKnownFileType = sourcecode.c.c; path = sdl_stuff.c; sourceTree = "<group>"; };
		A72447B5200C9A1700D4A58F /* fpstimer.c */ = {isa = PBXFileReference; fileEncoding = 4; lastKnownFileType = sourcecode.c.c; path = fpstimer.c; sourceTree = "<group>"; };
		A72447B6200C9A1700D4A58F /* fpstimer.h */ = {isa = PBXFileReference; fileEncoding = 4; lastKnownFileType = sourcecode.c.h; path = fpstimer.h; sourceTree = "<group>"; };
		A72447B7200C9A1700D4A58F /* balle.bmp */ = {isa = PBXFileReference; lastKnownFileType = image.bmp; path = balle.bmp; sourceTree = "<group>"; };
		A72447BC200C9A3600D4A58F /* sdl_stuff.c */ = {isa = PBXFileReference; fileEncoding = 4; lastKnownFileType = sourcecode.c.c; path = sdl_stuff.c; sourceTree = "<group>"; };
		A72447BD200C9A3700D4A58F /* decl.h */ = {isa = PBXFileReference; fileEncoding = 4; lastKnownFileType = sourcecode.c.h; path = decl.h; sourceTree = "<group>"; };
		A72447BE200C9A3700D4A58F /* balle.bmp */ = {isa = PBXFileReference; lastKnownFileType = image.bmp; path = balle.bmp; sourceTree = "<group>"; };
		A72447BF200C9A3700D4A58F /* fpstimer.c */ = {isa = PBXFileReference; fileEncoding = 4; lastKnownFileType = sourcecode.c.c; path = fpstimer.c; sourceTree = "<group>"; };
		A72447C0200C9A3700D4A58F /* fpstimer.h */ = {isa = PBXFileReference; fileEncoding = 4; lastKnownFileType = sourcecode.c.h; path = fpstimer.h; sourceTree = "<group>"; };
		A72447C1200C9A3700D4A58F /* sdl_stuff.h */ = {isa = PBXFileReference; fileEncoding = 4; lastKnownFileType = sourcecode.c.h; path = sdl_stuff.h; sourceTree = "<group>"; };
		A72447C2200C9A3700D4A58F /* main.c */ = {isa = PBXFileReference; fileEncoding = 4; lastKnownFileType = sourcecode.c.c; path = main.c; sourceTree = "<group>"; };
		A72447CA200C9F0700D4A58F /* balle.txt */ = {isa = PBXFileReference; fileEncoding = 4; lastKnownFileType = text; path = balle.txt; sourceTree = "<group>"; };
		A72447CB200CA1B400D4A58F /* vecteur.c */ = {isa = PBXFileReference; lastKnownFileType = sourcecode.c.c; path = vecteur.c; sourceTree = "<group>"; };
		A72447CC200CA1B400D4A58F /* vecteur.h */ = {isa = PBXFileReference; lastKnownFileType = sourcecode.c.h; path = vecteur.h; sourceTree = "<group>"; };
		A72447CE200CA1C100D4A58F /* balle.c */ = {isa = PBXFileReference; lastKnownFileType = sourcecode.c.c; path = balle.c; sourceTree = "<group>"; };
		A72447CF200CA1C100D4A58F /* balle.h */ = {isa = PBXFileReference; lastKnownFileType = sourcecode.c.h; path = balle.h; sourceTree = "<group>"; };
/* End PBXFileReference section */

/* Begin PBXFrameworksBuildPhase section */
		A741B927200C96AD0018E0AE /* Frameworks */ = {
			isa = PBXFrameworksBuildPhase;
			buildActionMask = 2147483647;
			files = (
			);
			runOnlyForDeploymentPostprocessing = 0;
		};
/* End PBXFrameworksBuildPhase section */

/* Begin PBXGroup section */
		A72447A1200C999700D4A58F /* CSV */ = {
			isa = PBXGroup;
			children = (
				A72447CA200C9F0700D4A58F /* balle.txt */,
				A72447A2200C99BE00D4A58F /* main.c */,
				A72447CB200CA1B400D4A58F /* vecteur.c */,
				A72447CC200CA1B400D4A58F /* vecteur.h */,
				A72447CE200CA1C100D4A58F /* balle.c */,
				A72447CF200CA1C100D4A58F /* balle.h */,
			);
			name = CSV;
			sourceTree = "<group>";
		};
		A72447A5200C99CB00D4A58F /* Rebonds */ = {
			isa = PBXGroup;
			children = (
				A72447A6200C99DF00D4A58F /* balle.bmp */,
				A72447A7200C99E300D4A58F /* fpstimer.c */,
				A72447AB200C99F100D4A58F /* fpstimer.h */,
				A72447AA200C99F100D4A58F /* main.c */,
				A72447AC200C99F100D4A58F /* sdl_stuff.c */,
				A72447A9200C99F100D4A58F /* sdl_stuff.h */,
			);
			path = Rebonds;
			sourceTree = "<group>";
		};
		A72447AF200C99FD00D4A58F /* Gravitation */ = {
			isa = PBXGroup;
			children = (
				A72447B7200C9A1700D4A58F /* balle.bmp */,
				A72447B0200C9A1600D4A58F /* decl.h */,
				A72447B5200C9A1700D4A58F /* fpstimer.c */,
				A72447B6200C9A1700D4A58F /* fpstimer.h */,
				A72447B2200C9A1600D4A58F /* jupiter.bmp */,
				A72447B3200C9A1600D4A58F /* main.c */,
				A72447B4200C9A1600D4A58F /* sdl_stuff.c */,
				A72447B1200C9A1600D4A58F /* sdl_stuff.h */,
			);
			path = Gravitation;
			sourceTree = "<group>";
		};
		A72447BB200C9A2400D4A58F /* Ressorts */ = {
			isa = PBXGroup;
			children = (
				A72447BE200C9A3700D4A58F /* balle.bmp */,
				A72447BD200C9A3700D4A58F /* decl.h */,
				A72447BF200C9A3700D4A58F /* fpstimer.c */,
				A72447C0200C9A3700D4A58F /* fpstimer.h */,
				A72447C2200C9A3700D4A58F /* main.c */,
				A72447BC200C9A3600D4A58F /* sdl_stuff.c */,
				A72447C1200C9A3700D4A58F /* sdl_stuff.h */,
			);
			path = Ressorts;
			sourceTree = "<group>";
		};
		A741B921200C96AD0018E0AE = {
			isa = PBXGroup;
			children = (
				A72447A1200C999700D4A58F /* CSV */,
				A72447A5200C99CB00D4A58F /* Rebonds */,
				A72447AF200C99FD00D4A58F /* Gravitation */,
				A72447BB200C9A2400D4A58F /* Ressorts */,
			);
			sourceTree = "<group>";
		};
/* End PBXGroup section */

/* Begin PBXNativeTarget section */
		A741B929200C96AD0018E0AE /* TP Fin de semestre */ = {
			isa = PBXNativeTarget;
			buildConfigurationList = A741B931200C96AD0018E0AE /* Build configuration list for PBXNativeTarget "TP Fin de semestre" */;
			buildPhases = (
				A741B926200C96AD0018E0AE /* Sources */,
				A741B927200C96AD0018E0AE /* Frameworks */,
				A741B928200C96AD0018E0AE /* CopyFiles */,
			);
			buildRules = (
			);
			dependencies = (
			);
			name = "TP Fin de semestre";
			productName = "TP Fin de semestre";
			productReference = A724479C200C97E100D4A58F /* TP Fin de semestre */;
			productType = "com.apple.product-type.tool";
		};
/* End PBXNativeTarget section */

/* Begin PBXProject section */
		A741B922200C96AD0018E0AE /* Project object */ = {
			isa = PBXProject;
			attributes = {
				LastUpgradeCheck = 0910;
				ORGANIZATIONNAME = "Valentin Monnot";
				TargetAttributes = {
					A741B929200C96AD0018E0AE = {
						CreatedOnToolsVersion = 9.1;
						ProvisioningStyle = Automatic;
					};
				};
			};
			buildConfigurationList = A741B925200C96AD0018E0AE /* Build configuration list for PBXProject "TP Fin de semestre" */;
			compatibilityVersion = "Xcode 8.0";
			developmentRegion = en;
			hasScannedForEncodings = 0;
			knownRegions = (
				en,
			);
			mainGroup = A741B921200C96AD0018E0AE;
			productRefGroup = A741B921200C96AD0018E0AE;
			projectDirPath = "";
			projectRoot = "";
			targets = (
				A741B929200C96AD0018E0AE /* TP Fin de semestre */,
			);
		};
/* End PBXProject section */

/* Begin PBXSourcesBuildPhase section */
		A741B926200C96AD0018E0AE /* Sources */ = {
			isa = PBXSourcesBuildPhase;
			buildActionMask = 2147483647;
			files = (
				A72447D0200CA1C100D4A58F /* balle.c in Sources */,
				A72447CD200CA1B400D4A58F /* vecteur.c in Sources */,
				A72447C7200C9E6900D4A58F /* main.c in Sources */,
			);
			runOnlyForDeploymentPostprocessing = 0;
		};
/* End PBXSourcesBuildPhase section */

/* Begin XCBuildConfiguration section */
		A741B92F200C96AD0018E0AE /* Debug */ = {
			isa = XCBuildConfiguration;
			buildSettings = {
				ALWAYS_SEARCH_USER_PATHS = NO;
				CLANG_ANALYZER_NONNULL = YES;
				CLANG_ANALYZER_NUMBER_OBJECT_CONVERSION = YES_AGGRESSIVE;
				CLANG_CXX_LANGUAGE_STANDARD = "gnu++14";
				CLANG_CXX_LIBRARY = "libc++";
				CLANG_ENABLE_MODULES = YES;
				CLANG_ENABLE_OBJC_ARC = YES;
				CLANG_WARN_BLOCK_CAPTURE_AUTORELEASING = YES;
				CLANG_WARN_BOOL_CONVERSION = YES;
				CLANG_WARN_COMMA = YES;
				CLANG_WARN_CONSTANT_CONVERSION = YES;
				CLANG_WARN_DIRECT_OBJC_ISA_USAGE = YES_ERROR;
				CLANG_WARN_DOCUMENTATION_COMMENTS = YES;
				CLANG_WARN_EMPTY_BODY = YES;
				CLANG_WARN_ENUM_CONVERSION = YES;
				CLANG_WARN_INFINITE_RECURSION = YES;
				CLANG_WARN_INT_CONVERSION = YES;
				CLANG_WARN_NON_LITERAL_NULL_CONVERSION = YES;
				CLANG_WARN_OBJC_LITERAL_CONVERSION = YES;
				CLANG_WARN_OBJC_ROOT_CLASS = YES_ERROR;
				CLANG_WARN_RANGE_LOOP_ANALYSIS = YES;
				CLANG_WARN_STRICT_PROTOTYPES = YES;
				CLANG_WARN_SUSPICIOUS_MOVE = YES;
				CLANG_WARN_UNGUARDED_AVAILABILITY = YES_AGGRESSIVE;
				CLANG_WARN_UNREACHABLE_CODE = YES;
				CLANG_WARN__DUPLICATE_METHOD_MATCH = YES;
				CODE_SIGN_IDENTITY = "Mac Developer";
				COPY_PHASE_STRIP = NO;
				DEBUG_INFORMATION_FORMAT = dwarf;
				ENABLE_STRICT_OBJC_MSGSEND = YES;
				ENABLE_TESTABILITY = YES;
				GCC_C_LANGUAGE_STANDARD = gnu11;
				GCC_DYNAMIC_NO_PIC = NO;
				GCC_NO_COMMON_BLOCKS = YES;
				GCC_OPTIMIZATION_LEVEL = 0;
				GCC_PREPROCESSOR_DEFINITIONS = (
					"DEBUG=1",
					"$(inherited)",
				);
				GCC_WARN_64_TO_32_BIT_CONVERSION = YES;
				GCC_WARN_ABOUT_RETURN_TYPE = YES_ERROR;
				GCC_WARN_UNDECLARED_SELECTOR = YES;
				GCC_WARN_UNINITIALIZED_AUTOS = YES_AGGRESSIVE;
				GCC_WARN_UNUSED_FUNCTION = YES;
				GCC_WARN_UNUSED_VARIABLE = YES;
				MACOSX_DEPLOYMENT_TARGET = 10.13;
				MTL_ENABLE_DEBUG_INFO = YES;
				ONLY_ACTIVE_ARCH = YES;
				SDKROOT = macosx;
			};
			name = Debug;
		};
		A741B930200C96AD0018E0AE /* Release */ = {
			isa = XCBuildConfiguration;
			buildSettings = {
				ALWAYS_SEARCH_USER_PATHS = NO;
				CLANG_ANALYZER_NONNULL = YES;
				CLANG_ANALYZER_NUMBER_OBJECT_CONVERSION = YES_AGGRESSIVE;
				CLANG_CXX_LANGUAGE_STANDARD = "gnu++14";
				CLANG_CXX_LIBRARY = "libc++";
				CLANG_ENABLE_MODULES = YES;
				CLANG_ENABLE_OBJC_ARC = YES;
				CLANG_WARN_BLOCK_CAPTURE_AUTORELEASING = YES;
				CLANG_WARN_BOOL_CONVERSION = YES;
				CLANG_WARN_COMMA = YES;
				CLANG_WARN_CONSTANT_CONVERSION = YES;
				CLANG_WARN_DIRECT_OBJC_ISA_USAGE = YES_ERROR;
				CLANG_WARN_DOCUMENTATION_COMMENTS = YES;
				CLANG_WARN_EMPTY_BODY = YES;
				CLANG_WARN_ENUM_CONVERSION = YES;
				CLANG_WARN_INFINITE_RECURSION = YES;
				CLANG_WARN_INT_CONVERSION = YES;
				CLANG_WARN_NON_LITERAL_NULL_CONVERSION = YES;
				CLANG_WARN_OBJC_LITERAL_CONVERSION = YES;
				CLANG_WARN_OBJC_ROOT_CLASS = YES_ERROR;
				CLANG_WARN_RANGE_LOOP_ANALYSIS = YES;
				CLANG_WARN_STRICT_PROTOTYPES = YES;
				CLANG_WARN_SUSPICIOUS_MOVE = YES;
				CLANG_WARN_UNGUARDED_AVAILABILITY = YES_AGGRESSIVE;
				CLANG_WARN_UNREACHABLE_CODE = YES;
				CLANG_WARN__DUPLICATE_METHOD_MATCH = YES;
				CODE_SIGN_IDENTITY = "Mac Developer";
				COPY_PHASE_STRIP = NO;
				DEBUG_INFORMATION_FORMAT = "dwarf-with-dsym";
				ENABLE_NS_ASSERTIONS = NO;
				ENABLE_STRICT_OBJC_MSGSEND = YES;
				GCC_C_LANGUAGE_STANDARD = gnu11;
				GCC_NO_COMMON_BLOCKS = YES;
				GCC_WARN_64_TO_32_BIT_CONVERSION = YES;
				GCC_WARN_ABOUT_RETURN_TYPE = YES_ERROR;
				GCC_WARN_UNDECLARED_SELECTOR = YES;
				GCC_WARN_UNINITIALIZED_AUTOS = YES_AGGRESSIVE;
				GCC_WARN_UNUSED_FUNCTION = YES;
				GCC_WARN_UNUSED_VARIABLE = YES;
				MACOSX_DEPLOYMENT_TARGET = 10.13;
				MTL_ENABLE_DEBUG_INFO = NO;
				SDKROOT = macosx;
			};
			name = Release;
		};
		A741B932200C96AD0018E0AE /* Debug */ = {
			isa = XCBuildConfiguration;
			buildSettings = {
				CODE_SIGN_STYLE = Automatic;
				DEVELOPMENT_TEAM = B8G2Z565AP;
				PRODUCT_NAME = "$(TARGET_NAME)";
			};
			name = Debug;
		};
		A741B933200C96AD0018E0AE /* Release */ = {
			isa = XCBuildConfiguration;
			buildSettings = {
				CODE_SIGN_STYLE = Automatic;
				DEVELOPMENT_TEAM = B8G2Z565AP;
				PRODUCT_NAME = "$(TARGET_NAME)";
			};
			name = Release;
		};
/* End XCBuildConfiguration section */

/* Begin XCConfigurationList section */
		A741B925200C96AD0018E0AE /* Build configuration list for PBXProject "TP Fin de semestre" */ = {
			isa = XCConfigurationList;
			buildConfigurations = (
				A741B92F200C96AD0018E0AE /* Debug */,
				A741B930200C96AD0018E0AE /* Release */,
			);
			defaultConfigurationIsVisible = 0;
			defaultConfigurationName = Release;
		};
		A741B931200C96AD0018E0AE /* Build configuration list for PBXNativeTarget "TP Fin de semestre" */ = {
			isa = XCConfigurationList;
			buildConfigurations = (
				A741B932200C96AD0018E0AE /* Debug */,
				A741B933200C96AD0018E0AE /* Release */,
			);
			defaultConfigurationIsVisible = 0;
			defaultConfigurationName = Release;
		};
/* End XCConfigurationList section */
	};
	rootObject = A741B922200C96AD0018E0AE /* Project object */;
}
